{
  "version": 1,
  "dependencies": {
    "net9.0": {
      "FParsec": {
        "type": "Direct",
        "requested": "[1.1.1, )",
        "resolved": "1.1.1",
        "contentHash": "Wdjf/gCNLEwd+0nUCDh9jAIIcKGwfhRramySTnTcVVgNC6i4Vp5aJklUJJfvFkEZMYNZEDGcI8pCa36/TmwmSg==",
        "dependencies": {
          "FSharp.Core": "4.3.4"
        }
      },
      "FSharp.Core": {
        "type": "Direct",
        "requested": "[9.0.100, )",
        "resolved": "9.0.100",
        "contentHash": "ye8yagHGsH08H2Twno5GRWkSbrMtxK/SWiHuPcF+3nODpW65/VJ8RO0aWxp8n9+KQbmahg90wAEL3TEXjF0r6A=="
      }
    }
  }
}